
Microsoft Visual Studio Solution File, Format Version 12.00
# Visual Studio Version 16
VisualStudioVersion = 16.0.30717.126
MinimumVisualStudioVersion = 10.0.40219.1
Project("{FAE04EC0-301F-11D3-BF4B-00C04F79EFBC}") = "DPAS", "DPAS\DPAS.csproj", "{B4B8DFF9-6EA0-4916-95EF-FB4BF8921CF1}"
EndProject
Global
	GlobalSection(SolutionConfigurationPlatforms) = preSolution
		Debug|Any CPU = Debug|Any CPU
		Release|Any CPU = Release|Any CPU
	EndGlobalSection
	GlobalSection(ProjectConfigurationPlatforms) = postSolution
		{B4B8DFF9-6EA0-4916-95EF-FB4BF8921CF1}.Debug|Any CPU.ActiveCfg = Debug|Any CPU
		{B4B8DFF9-6EA0-4916-95EF-FB4BF8921CF1}.Debug|Any CPU.Build.0 = Debug|Any CPU
		{B4B8DFF9-6EA0-4916-95EF-FB4BF8921CF1}.Release|Any CPU.ActiveCfg = Release|Any CPU
		{B4B8DFF9-6EA0-4916-95EF-FB4BF8921CF1}.Release|Any CPU.Build.0 = Release|Any CPU
	EndGlobalSection
	GlobalSection(SolutionProperties) = preSolution
		HideSolutionNode = FALSE
	EndGlobalSection
	GlobalSection(ExtensibilityGlobals) = postSolution
		SolutionGuid = {F01130AD-1CD1-46FB-B89A-AB219C1CDFBF}
	EndGlobalSection
EndGlobal
